
Microsoft Visual Studio Solution File, Format Version 12.00
# Visual Studio 14
VisualStudioVersion = 14.0.24720.0
MinimumVisualStudioVersion = 10.0.40219.1
Project("{FAE04EC0-301F-11D3-BF4B-00C04F79EFBC}") = "Scoring", "Scoring\Scoring.csproj", "{22AC9560-1161-4EE3-A02D-2CCF3BAB1466}"
EndProject
Project("{FAE04EC0-301F-11D3-BF4B-00C04F79EFBC}") = "SignalProcessing", "SignalProcessing\SignalProcessing.csproj", "{09C20A84-284B-48CD-8732-815C1D9A7F43}"
EndProject
Project("{FAE04EC0-301F-11D3-BF4B-00C04F79EFBC}") = "SignalProcessing.Contracts", "SignalProcessing.Contracts\SignalProcessing.Contracts.csproj", "{B931CF0C-DB74-44E8-9F9B-1528AB0DD721}"
EndProject
Project("{FAE04EC0-301F-11D3-BF4B-00C04F79EFBC}") = "Shared", "Shared\Shared.csproj", "{670AD73B-553E-4437-B54C-0A91D8C0348F}"
EndProject
Project("{FAE04EC0-301F-11D3-BF4B-00C04F79EFBC}") = "SIgnalProcessing.Tests", "SIgnalProcessing.Tests\SIgnalProcessing.Tests.csproj", "{EC0F52DA-EC43-43FB-A7D5-847DD8AECD50}"
EndProject
Global
	GlobalSection(SolutionConfigurationPlatforms) = preSolution
		AUD_USD|Any CPU = AUD_USD|Any CPU
		BetSize|Any CPU = BetSize|Any CPU
		BounceLevel|Any CPU = BounceLevel|Any CPU
		CongestedLevel|Any CPU = CongestedLevel|Any CPU
		Debug|Any CPU = Debug|Any CPU
		DZInternals|Any CPU = DZInternals|Any CPU
		EmaCrossover|Any CPU = EmaCrossover|Any CPU
		EUR_GBP|Any CPU = EUR_GBP|Any CPU
		EUR_JPY|Any CPU = EUR_JPY|Any CPU
		EUR_USD|Any CPU = EUR_USD|Any CPU
		FadeApproachLevel|Any CPU = FadeApproachLevel|Any CPU
		GBP_JPY|Any CPU = GBP_JPY|Any CPU
		NZD_USD|Any CPU = NZD_USD|Any CPU
		Oscillating|Any CPU = Oscillating|Any CPU
		PriceAction|Any CPU = PriceAction|Any CPU
		Propulsion|Any CPU = Propulsion|Any CPU
		Release|Any CPU = Release|Any CPU
		Strategies|Any CPU = Strategies|Any CPU
		Strategies1|Any CPU = Strategies1|Any CPU
		Strategies2|Any CPU = Strategies2|Any CPU
		Test03|Any CPU = Test03|Any CPU
		Test04|Any CPU = Test04|Any CPU
		Test05|Any CPU = Test05|Any CPU
		Trendiness1|Any CPU = Trendiness1|Any CPU
		Trendiness2|Any CPU = Trendiness2|Any CPU
		Trendiness3|Any CPU = Trendiness3|Any CPU
		Trendiness4|Any CPU = Trendiness4|Any CPU
		Trending|Any CPU = Trending|Any CPU
		TrendInternals|Any CPU = TrendInternals|Any CPU
		TrendyKeltnerOscillation|Any CPU = TrendyKeltnerOscillation|Any CPU
		USD_CAD|Any CPU = USD_CAD|Any CPU
		USD_CHF|Any CPU = USD_CHF|Any CPU
	EndGlobalSection
	GlobalSection(ProjectConfigurationPlatforms) = postSolution
		{22AC9560-1161-4EE3-A02D-2CCF3BAB1466}.AUD_USD|Any CPU.ActiveCfg = Release|Any CPU
		{22AC9560-1161-4EE3-A02D-2CCF3BAB1466}.AUD_USD|Any CPU.Build.0 = Release|Any CPU
		{22AC9560-1161-4EE3-A02D-2CCF3BAB1466}.BetSize|Any CPU.ActiveCfg = Release|Any CPU
		{22AC9560-1161-4EE3-A02D-2CCF3BAB1466}.BetSize|Any CPU.Build.0 = Release|Any CPU
		{22AC9560-1161-4EE3-A02D-2CCF3BAB1466}.BounceLevel|Any CPU.ActiveCfg = Release|Any CPU
		{22AC9560-1161-4EE3-A02D-2CCF3BAB1466}.BounceLevel|Any CPU.Build.0 = Release|Any CPU
		{22AC9560-1161-4EE3-A02D-2CCF3BAB1466}.CongestedLevel|Any CPU.ActiveCfg = Release|Any CPU
		{22AC9560-1161-4EE3-A02D-2CCF3BAB1466}.CongestedLevel|Any CPU.Build.0 = Release|Any CPU
		{22AC9560-1161-4EE3-A02D-2CCF3BAB1466}.Debug|Any CPU.ActiveCfg = Debug|Any CPU
		{22AC9560-1161-4EE3-A02D-2CCF3BAB1466}.Debug|Any CPU.Build.0 = Debug|Any CPU
		{22AC9560-1161-4EE3-A02D-2CCF3BAB1466}.DZInternals|Any CPU.ActiveCfg = Debug|Any CPU
		{22AC9560-1161-4EE3-A02D-2CCF3BAB1466}.DZInternals|Any CPU.Build.0 = Debug|Any CPU
		{22AC9560-1161-4EE3-A02D-2CCF3BAB1466}.EmaCrossover|Any CPU.ActiveCfg = Release|Any CPU
		{22AC9560-1161-4EE3-A02D-2CCF3BAB1466}.EmaCrossover|Any CPU.Build.0 = Release|Any CPU
		{22AC9560-1161-4EE3-A02D-2CCF3BAB1466}.EUR_GBP|Any CPU.ActiveCfg = Release|Any CPU
		{22AC9560-1161-4EE3-A02D-2CCF3BAB1466}.EUR_GBP|Any CPU.Build.0 = Release|Any CPU
		{22AC9560-1161-4EE3-A02D-2CCF3BAB1466}.EUR_JPY|Any CPU.ActiveCfg = Release|Any CPU
		{22AC9560-1161-4EE3-A02D-2CCF3BAB1466}.EUR_JPY|Any CPU.Build.0 = Release|Any CPU
		{22AC9560-1161-4EE3-A02D-2CCF3BAB1466}.EUR_USD|Any CPU.ActiveCfg = Release|Any CPU
		{22AC9560-1161-4EE3-A02D-2CCF3BAB1466}.EUR_USD|Any CPU.Build.0 = Release|Any CPU
		{22AC9560-1161-4EE3-A02D-2CCF3BAB1466}.FadeApproachLevel|Any CPU.ActiveCfg = Release|Any CPU
		{22AC9560-1161-4EE3-A02D-2CCF3BAB1466}.FadeApproachLevel|Any CPU.Build.0 = Release|Any CPU
		{22AC9560-1161-4EE3-A02D-2CCF3BAB1466}.GBP_JPY|Any CPU.ActiveCfg = Release|Any CPU
		{22AC9560-1161-4EE3-A02D-2CCF3BAB1466}.GBP_JPY|Any CPU.Build.0 = Release|Any CPU
		{22AC9560-1161-4EE3-A02D-2CCF3BAB1466}.NZD_USD|Any CPU.ActiveCfg = Release|Any CPU
		{22AC9560-1161-4EE3-A02D-2CCF3BAB1466}.NZD_USD|Any CPU.Build.0 = Release|Any CPU
		{22AC9560-1161-4EE3-A02D-2CCF3BAB1466}.Oscillating|Any CPU.ActiveCfg = Release|Any CPU
		{22AC9560-1161-4EE3-A02D-2CCF3BAB1466}.Oscillating|Any CPU.Build.0 = Release|Any CPU
		{22AC9560-1161-4EE3-A02D-2CCF3BAB1466}.PriceAction|Any CPU.ActiveCfg = Release|Any CPU
		{22AC9560-1161-4EE3-A02D-2CCF3BAB1466}.PriceAction|Any CPU.Build.0 = Release|Any CPU
		{22AC9560-1161-4EE3-A02D-2CCF3BAB1466}.Propulsion|Any CPU.ActiveCfg = Release|Any CPU
		{22AC9560-1161-4EE3-A02D-2CCF3BAB1466}.Propulsion|Any CPU.Build.0 = Release|Any CPU
		{22AC9560-1161-4EE3-A02D-2CCF3BAB1466}.Release|Any CPU.ActiveCfg = Release|Any CPU
		{22AC9560-1161-4EE3-A02D-2CCF3BAB1466}.Release|Any CPU.Build.0 = Release|Any CPU
		{22AC9560-1161-4EE3-A02D-2CCF3BAB1466}.Strategies|Any CPU.ActiveCfg = Release|Any CPU
		{22AC9560-1161-4EE3-A02D-2CCF3BAB1466}.Strategies|Any CPU.Build.0 = Release|Any CPU
		{22AC9560-1161-4EE3-A02D-2CCF3BAB1466}.Strategies1|Any CPU.ActiveCfg = Release|Any CPU
		{22AC9560-1161-4EE3-A02D-2CCF3BAB1466}.Strategies1|Any CPU.Build.0 = Release|Any CPU
		{22AC9560-1161-4EE3-A02D-2CCF3BAB1466}.Strategies2|Any CPU.ActiveCfg = Release|Any CPU
		{22AC9560-1161-4EE3-A02D-2CCF3BAB1466}.Strategies2|Any CPU.Build.0 = Release|Any CPU
		{22AC9560-1161-4EE3-A02D-2CCF3BAB1466}.Test03|Any CPU.ActiveCfg = Release|Any CPU
		{22AC9560-1161-4EE3-A02D-2CCF3BAB1466}.Test03|Any CPU.Build.0 = Release|Any CPU
		{22AC9560-1161-4EE3-A02D-2CCF3BAB1466}.Test04|Any CPU.ActiveCfg = Release|Any CPU
		{22AC9560-1161-4EE3-A02D-2CCF3BAB1466}.Test04|Any CPU.Build.0 = Release|Any CPU
		{22AC9560-1161-4EE3-A02D-2CCF3BAB1466}.Test05|Any CPU.ActiveCfg = Release|Any CPU
		{22AC9560-1161-4EE3-A02D-2CCF3BAB1466}.Test05|Any CPU.Build.0 = Release|Any CPU
		{22AC9560-1161-4EE3-A02D-2CCF3BAB1466}.Trendiness1|Any CPU.ActiveCfg = Release|Any CPU
		{22AC9560-1161-4EE3-A02D-2CCF3BAB1466}.Trendiness1|Any CPU.Build.0 = Release|Any CPU
		{22AC9560-1161-4EE3-A02D-2CCF3BAB1466}.Trendiness2|Any CPU.ActiveCfg = Release|Any CPU
		{22AC9560-1161-4EE3-A02D-2CCF3BAB1466}.Trendiness2|Any CPU.Build.0 = Release|Any CPU
		{22AC9560-1161-4EE3-A02D-2CCF3BAB1466}.Trendiness3|Any CPU.ActiveCfg = Release|Any CPU
		{22AC9560-1161-4EE3-A02D-2CCF3BAB1466}.Trendiness3|Any CPU.Build.0 = Release|Any CPU
		{22AC9560-1161-4EE3-A02D-2CCF3BAB1466}.Trendiness4|Any CPU.ActiveCfg = Release|Any CPU
		{22AC9560-1161-4EE3-A02D-2CCF3BAB1466}.Trendiness4|Any CPU.Build.0 = Release|Any CPU
		{22AC9560-1161-4EE3-A02D-2CCF3BAB1466}.Trending|Any CPU.ActiveCfg = Release|Any CPU
		{22AC9560-1161-4EE3-A02D-2CCF3BAB1466}.Trending|Any CPU.Build.0 = Release|Any CPU
		{22AC9560-1161-4EE3-A02D-2CCF3BAB1466}.TrendInternals|Any CPU.ActiveCfg = Release|Any CPU
		{22AC9560-1161-4EE3-A02D-2CCF3BAB1466}.TrendInternals|Any CPU.Build.0 = Release|Any CPU
		{22AC9560-1161-4EE3-A02D-2CCF3BAB1466}.TrendyKeltnerOscillation|Any CPU.ActiveCfg = Release|Any CPU
		{22AC9560-1161-4EE3-A02D-2CCF3BAB1466}.TrendyKeltnerOscillation|Any CPU.Build.0 = Release|Any CPU
		{22AC9560-1161-4EE3-A02D-2CCF3BAB1466}.USD_CAD|Any CPU.ActiveCfg = Release|Any CPU
		{22AC9560-1161-4EE3-A02D-2CCF3BAB1466}.USD_CAD|Any CPU.Build.0 = Release|Any CPU
		{22AC9560-1161-4EE3-A02D-2CCF3BAB1466}.USD_CHF|Any CPU.ActiveCfg = Release|Any CPU
		{22AC9560-1161-4EE3-A02D-2CCF3BAB1466}.USD_CHF|Any CPU.Build.0 = Release|Any CPU
		{09C20A84-284B-48CD-8732-815C1D9A7F43}.AUD_USD|Any CPU.ActiveCfg = Release|Any CPU
		{09C20A84-284B-48CD-8732-815C1D9A7F43}.AUD_USD|Any CPU.Build.0 = Release|Any CPU
		{09C20A84-284B-48CD-8732-815C1D9A7F43}.BetSize|Any CPU.ActiveCfg = Release|Any CPU
		{09C20A84-284B-48CD-8732-815C1D9A7F43}.BetSize|Any CPU.Build.0 = Release|Any CPU
		{09C20A84-284B-48CD-8732-815C1D9A7F43}.BounceLevel|Any CPU.ActiveCfg = Release|Any CPU
		{09C20A84-284B-48CD-8732-815C1D9A7F43}.BounceLevel|Any CPU.Build.0 = Release|Any CPU
		{09C20A84-284B-48CD-8732-815C1D9A7F43}.CongestedLevel|Any CPU.ActiveCfg = Release|Any CPU
		{09C20A84-284B-48CD-8732-815C1D9A7F43}.CongestedLevel|Any CPU.Build.0 = Release|Any CPU
		{09C20A84-284B-48CD-8732-815C1D9A7F43}.Debug|Any CPU.ActiveCfg = Debug|Any CPU
		{09C20A84-284B-48CD-8732-815C1D9A7F43}.Debug|Any CPU.Build.0 = Debug|Any CPU
		{09C20A84-284B-48CD-8732-815C1D9A7F43}.DZInternals|Any CPU.ActiveCfg = Debug|Any CPU
		{09C20A84-284B-48CD-8732-815C1D9A7F43}.DZInternals|Any CPU.Build.0 = Debug|Any CPU
		{09C20A84-284B-48CD-8732-815C1D9A7F43}.EmaCrossover|Any CPU.ActiveCfg = Release|Any CPU
		{09C20A84-284B-48CD-8732-815C1D9A7F43}.EmaCrossover|Any CPU.Build.0 = Release|Any CPU
		{09C20A84-284B-48CD-8732-815C1D9A7F43}.EUR_GBP|Any CPU.ActiveCfg = Release|Any CPU
		{09C20A84-284B-48CD-8732-815C1D9A7F43}.EUR_GBP|Any CPU.Build.0 = Release|Any CPU
		{09C20A84-284B-48CD-8732-815C1D9A7F43}.EUR_JPY|Any CPU.ActiveCfg = Release|Any CPU
		{09C20A84-284B-48CD-8732-815C1D9A7F43}.EUR_JPY|Any CPU.Build.0 = Release|Any CPU
		{09C20A84-284B-48CD-8732-815C1D9A7F43}.EUR_USD|Any CPU.ActiveCfg = Release|Any CPU
		{09C20A84-284B-48CD-8732-815C1D9A7F43}.EUR_USD|Any CPU.Build.0 = Release|Any CPU
		{09C20A84-284B-48CD-8732-815C1D9A7F43}.FadeApproachLevel|Any CPU.ActiveCfg = Release|Any CPU
		{09C20A84-284B-48CD-8732-815C1D9A7F43}.FadeApproachLevel|Any CPU.Build.0 = Release|Any CPU
		{09C20A84-284B-48CD-8732-815C1D9A7F43}.GBP_JPY|Any CPU.ActiveCfg = Release|Any CPU
		{09C20A84-284B-48CD-8732-815C1D9A7F43}.GBP_JPY|Any CPU.Build.0 = Release|Any CPU
		{09C20A84-284B-48CD-8732-815C1D9A7F43}.NZD_USD|Any CPU.ActiveCfg = Release|Any CPU
		{09C20A84-284B-48CD-8732-815C1D9A7F43}.NZD_USD|Any CPU.Build.0 = Release|Any CPU
		{09C20A84-284B-48CD-8732-815C1D9A7F43}.Oscillating|Any CPU.ActiveCfg = Release|Any CPU
		{09C20A84-284B-48CD-8732-815C1D9A7F43}.Oscillating|Any CPU.Build.0 = Release|Any CPU
		{09C20A84-284B-48CD-8732-815C1D9A7F43}.PriceAction|Any CPU.ActiveCfg = Release|Any CPU
		{09C20A84-284B-48CD-8732-815C1D9A7F43}.PriceAction|Any CPU.Build.0 = Release|Any CPU
		{09C20A84-284B-48CD-8732-815C1D9A7F43}.Propulsion|Any CPU.ActiveCfg = Release|Any CPU
		{09C20A84-284B-48CD-8732-815C1D9A7F43}.Propulsion|Any CPU.Build.0 = Release|Any CPU
		{09C20A84-284B-48CD-8732-815C1D9A7F43}.Release|Any CPU.ActiveCfg = Release|Any CPU
		{09C20A84-284B-48CD-8732-815C1D9A7F43}.Release|Any CPU.Build.0 = Release|Any CPU
		{09C20A84-284B-48CD-8732-815C1D9A7F43}.Strategies|Any CPU.ActiveCfg = Release|Any CPU
		{09C20A84-284B-48CD-8732-815C1D9A7F43}.Strategies|Any CPU.Build.0 = Release|Any CPU
		{09C20A84-284B-48CD-8732-815C1D9A7F43}.Strategies1|Any CPU.ActiveCfg = Release|Any CPU
		{09C20A84-284B-48CD-8732-815C1D9A7F43}.Strategies1|Any CPU.Build.0 = Release|Any CPU
		{09C20A84-284B-48CD-8732-815C1D9A7F43}.Strategies2|Any CPU.ActiveCfg = Release|Any CPU
		{09C20A84-284B-48CD-8732-815C1D9A7F43}.Strategies2|Any CPU.Build.0 = Release|Any CPU
		{09C20A84-284B-48CD-8732-815C1D9A7F43}.Test03|Any CPU.ActiveCfg = Release|Any CPU
		{09C20A84-284B-48CD-8732-815C1D9A7F43}.Test03|Any CPU.Build.0 = Release|Any CPU
		{09C20A84-284B-48CD-8732-815C1D9A7F43}.Test04|Any CPU.ActiveCfg = Release|Any CPU
		{09C20A84-284B-48CD-8732-815C1D9A7F43}.Test04|Any CPU.Build.0 = Release|Any CPU
		{09C20A84-284B-48CD-8732-815C1D9A7F43}.Test05|Any CPU.ActiveCfg = Release|Any CPU
		{09C20A84-284B-48CD-8732-815C1D9A7F43}.Test05|Any CPU.Build.0 = Release|Any CPU
		{09C20A84-284B-48CD-8732-815C1D9A7F43}.Trendiness1|Any CPU.ActiveCfg = Release|Any CPU
		{09C20A84-284B-48CD-8732-815C1D9A7F43}.Trendiness1|Any CPU.Build.0 = Release|Any CPU
		{09C20A84-284B-48CD-8732-815C1D9A7F43}.Trendiness2|Any CPU.ActiveCfg = Release|Any CPU
		{09C20A84-284B-48CD-8732-815C1D9A7F43}.Trendiness2|Any CPU.Build.0 = Release|Any CPU
		{09C20A84-284B-48CD-8732-815C1D9A7F43}.Trendiness3|Any CPU.ActiveCfg = Release|Any CPU
		{09C20A84-284B-48CD-8732-815C1D9A7F43}.Trendiness3|Any CPU.Build.0 = Release|Any CPU
		{09C20A84-284B-48CD-8732-815C1D9A7F43}.Trendiness4|Any CPU.ActiveCfg = Release|Any CPU
		{09C20A84-284B-48CD-8732-815C1D9A7F43}.Trendiness4|Any CPU.Build.0 = Release|Any CPU
		{09C20A84-284B-48CD-8732-815C1D9A7F43}.Trending|Any CPU.ActiveCfg = Release|Any CPU
		{09C20A84-284B-48CD-8732-815C1D9A7F43}.Trending|Any CPU.Build.0 = Release|Any CPU
		{09C20A84-284B-48CD-8732-815C1D9A7F43}.TrendInternals|Any CPU.ActiveCfg = Release|Any CPU
		{09C20A84-284B-48CD-8732-815C1D9A7F43}.TrendInternals|Any CPU.Build.0 = Release|Any CPU
		{09C20A84-284B-48CD-8732-815C1D9A7F43}.TrendyKeltnerOscillation|Any CPU.ActiveCfg = Release|Any CPU
		{09C20A84-284B-48CD-8732-815C1D9A7F43}.TrendyKeltnerOscillation|Any CPU.Build.0 = Release|Any CPU
		{09C20A84-284B-48CD-8732-815C1D9A7F43}.USD_CAD|Any CPU.ActiveCfg = Release|Any CPU
		{09C20A84-284B-48CD-8732-815C1D9A7F43}.USD_CAD|Any CPU.Build.0 = Release|Any CPU
		{09C20A84-284B-48CD-8732-815C1D9A7F43}.USD_CHF|Any CPU.ActiveCfg = Release|Any CPU
		{09C20A84-284B-48CD-8732-815C1D9A7F43}.USD_CHF|Any CPU.Build.0 = Release|Any CPU
		{B931CF0C-DB74-44E8-9F9B-1528AB0DD721}.AUD_USD|Any CPU.ActiveCfg = Release|Any CPU
		{B931CF0C-DB74-44E8-9F9B-1528AB0DD721}.AUD_USD|Any CPU.Build.0 = Release|Any CPU
		{B931CF0C-DB74-44E8-9F9B-1528AB0DD721}.BetSize|Any CPU.ActiveCfg = Release|Any CPU
		{B931CF0C-DB74-44E8-9F9B-1528AB0DD721}.BetSize|Any CPU.Build.0 = Release|Any CPU
		{B931CF0C-DB74-44E8-9F9B-1528AB0DD721}.BounceLevel|Any CPU.ActiveCfg = Release|Any CPU
		{B931CF0C-DB74-44E8-9F9B-1528AB0DD721}.BounceLevel|Any CPU.Build.0 = Release|Any CPU
		{B931CF0C-DB74-44E8-9F9B-1528AB0DD721}.CongestedLevel|Any CPU.ActiveCfg = Release|Any CPU
		{B931CF0C-DB74-44E8-9F9B-1528AB0DD721}.CongestedLevel|Any CPU.Build.0 = Release|Any CPU
		{B931CF0C-DB74-44E8-9F9B-1528AB0DD721}.Debug|Any CPU.ActiveCfg = Debug|Any CPU
		{B931CF0C-DB74-44E8-9F9B-1528AB0DD721}.Debug|Any CPU.Build.0 = Debug|Any CPU
		{B931CF0C-DB74-44E8-9F9B-1528AB0DD721}.DZInternals|Any CPU.ActiveCfg = Debug|Any CPU
		{B931CF0C-DB74-44E8-9F9B-1528AB0DD721}.DZInternals|Any CPU.Build.0 = Debug|Any CPU
		{B931CF0C-DB74-44E8-9F9B-1528AB0DD721}.EmaCrossover|Any CPU.ActiveCfg = Release|Any CPU
		{B931CF0C-DB74-44E8-9F9B-1528AB0DD721}.EmaCrossover|Any CPU.Build.0 = Release|Any CPU
		{B931CF0C-DB74-44E8-9F9B-1528AB0DD721}.EUR_GBP|Any CPU.ActiveCfg = Release|Any CPU
		{B931CF0C-DB74-44E8-9F9B-1528AB0DD721}.EUR_GBP|Any CPU.Build.0 = Release|Any CPU
		{B931CF0C-DB74-44E8-9F9B-1528AB0DD721}.EUR_JPY|Any CPU.ActiveCfg = Release|Any CPU
		{B931CF0C-DB74-44E8-9F9B-1528AB0DD721}.EUR_JPY|Any CPU.Build.0 = Release|Any CPU
		{B931CF0C-DB74-44E8-9F9B-1528AB0DD721}.EUR_USD|Any CPU.ActiveCfg = Release|Any CPU
		{B931CF0C-DB74-44E8-9F9B-1528AB0DD721}.EUR_USD|Any CPU.Build.0 = Release|Any CPU
		{B931CF0C-DB74-44E8-9F9B-1528AB0DD721}.FadeApproachLevel|Any CPU.ActiveCfg = Release|Any CPU
		{B931CF0C-DB74-44E8-9F9B-1528AB0DD721}.FadeApproachLevel|Any CPU.Build.0 = Release|Any CPU
		{B931CF0C-DB74-44E8-9F9B-1528AB0DD721}.GBP_JPY|Any CPU.ActiveCfg = Release|Any CPU
		{B931CF0C-DB74-44E8-9F9B-1528AB0DD721}.GBP_JPY|Any CPU.Build.0 = Release|Any CPU
		{B931CF0C-DB74-44E8-9F9B-1528AB0DD721}.NZD_USD|Any CPU.ActiveCfg = Release|Any CPU
		{B931CF0C-DB74-44E8-9F9B-1528AB0DD721}.NZD_USD|Any CPU.Build.0 = Release|Any CPU
		{B931CF0C-DB74-44E8-9F9B-1528AB0DD721}.Oscillating|Any CPU.ActiveCfg = Release|Any CPU
		{B931CF0C-DB74-44E8-9F9B-1528AB0DD721}.Oscillating|Any CPU.Build.0 = Release|Any CPU
		{B931CF0C-DB74-44E8-9F9B-1528AB0DD721}.PriceAction|Any CPU.ActiveCfg = Release|Any CPU
		{B931CF0C-DB74-44E8-9F9B-1528AB0DD721}.PriceAction|Any CPU.Build.0 = Release|Any CPU
		{B931CF0C-DB74-44E8-9F9B-1528AB0DD721}.Propulsion|Any CPU.ActiveCfg = Release|Any CPU
		{B931CF0C-DB74-44E8-9F9B-1528AB0DD721}.Propulsion|Any CPU.Build.0 = Release|Any CPU
		{B931CF0C-DB74-44E8-9F9B-1528AB0DD721}.Release|Any CPU.ActiveCfg = Release|Any CPU
		{B931CF0C-DB74-44E8-9F9B-1528AB0DD721}.Release|Any CPU.Build.0 = Release|Any CPU
		{B931CF0C-DB74-44E8-9F9B-1528AB0DD721}.Strategies|Any CPU.ActiveCfg = Release|Any CPU
		{B931CF0C-DB74-44E8-9F9B-1528AB0DD721}.Strategies|Any CPU.Build.0 = Release|Any CPU
		{B931CF0C-DB74-44E8-9F9B-1528AB0DD721}.Strategies1|Any CPU.ActiveCfg = Release|Any CPU
		{B931CF0C-DB74-44E8-9F9B-1528AB0DD721}.Strategies1|Any CPU.Build.0 = Release|Any CPU
		{B931CF0C-DB74-44E8-9F9B-1528AB0DD721}.Strategies2|Any CPU.ActiveCfg = Release|Any CPU
		{B931CF0C-DB74-44E8-9F9B-1528AB0DD721}.Strategies2|Any CPU.Build.0 = Release|Any CPU
		{B931CF0C-DB74-44E8-9F9B-1528AB0DD721}.Test03|Any CPU.ActiveCfg = Release|Any CPU
		{B931CF0C-DB74-44E8-9F9B-1528AB0DD721}.Test03|Any CPU.Build.0 = Release|Any CPU
		{B931CF0C-DB74-44E8-9F9B-1528AB0DD721}.Test04|Any CPU.ActiveCfg = Release|Any CPU
		{B931CF0C-DB74-44E8-9F9B-1528AB0DD721}.Test04|Any CPU.Build.0 = Release|Any CPU
		{B931CF0C-DB74-44E8-9F9B-1528AB0DD721}.Test05|Any CPU.ActiveCfg = Release|Any CPU
		{B931CF0C-DB74-44E8-9F9B-1528AB0DD721}.Test05|Any CPU.Build.0 = Release|Any CPU
		{B931CF0C-DB74-44E8-9F9B-1528AB0DD721}.Trendiness1|Any CPU.ActiveCfg = Release|Any CPU
		{B931CF0C-DB74-44E8-9F9B-1528AB0DD721}.Trendiness1|Any CPU.Build.0 = Release|Any CPU
		{B931CF0C-DB74-44E8-9F9B-1528AB0DD721}.Trendiness2|Any CPU.ActiveCfg = Release|Any CPU
		{B931CF0C-DB74-44E8-9F9B-1528AB0DD721}.Trendiness2|Any CPU.Build.0 = Release|Any CPU
		{B931CF0C-DB74-44E8-9F9B-1528AB0DD721}.Trendiness3|Any CPU.ActiveCfg = Release|Any CPU
		{B931CF0C-DB74-44E8-9F9B-1528AB0DD721}.Trendiness3|Any CPU.Build.0 = Release|Any CPU
		{B931CF0C-DB74-44E8-9F9B-1528AB0DD721}.Trendiness4|Any CPU.ActiveCfg = Release|Any CPU
		{B931CF0C-DB74-44E8-9F9B-1528AB0DD721}.Trendiness4|Any CPU.Build.0 = Release|Any CPU
		{B931CF0C-DB74-44E8-9F9B-1528AB0DD721}.Trending|Any CPU.ActiveCfg = Release|Any CPU
		{B931CF0C-DB74-44E8-9F9B-1528AB0DD721}.Trending|Any CPU.Build.0 = Release|Any CPU
		{B931CF0C-DB74-44E8-9F9B-1528AB0DD721}.TrendInternals|Any CPU.ActiveCfg = Release|Any CPU
		{B931CF0C-DB74-44E8-9F9B-1528AB0DD721}.TrendInternals|Any CPU.Build.0 = Release|Any CPU
		{B931CF0C-DB74-44E8-9F9B-1528AB0DD721}.TrendyKeltnerOscillation|Any CPU.ActiveCfg = Release|Any CPU
		{B931CF0C-DB74-44E8-9F9B-1528AB0DD721}.TrendyKeltnerOscillation|Any CPU.Build.0 = Release|Any CPU
		{B931CF0C-DB74-44E8-9F9B-1528AB0DD721}.USD_CAD|Any CPU.ActiveCfg = Release|Any CPU
		{B931CF0C-DB74-44E8-9F9B-1528AB0DD721}.USD_CAD|Any CPU.Build.0 = Release|Any CPU
		{B931CF0C-DB74-44E8-9F9B-1528AB0DD721}.USD_CHF|Any CPU.ActiveCfg = Release|Any CPU
		{B931CF0C-DB74-44E8-9F9B-1528AB0DD721}.USD_CHF|Any CPU.Build.0 = Release|Any CPU
		{670AD73B-553E-4437-B54C-0A91D8C0348F}.AUD_USD|Any CPU.ActiveCfg = AUD_USD|Any CPU
		{670AD73B-553E-4437-B54C-0A91D8C0348F}.AUD_USD|Any CPU.Build.0 = AUD_USD|Any CPU
		{670AD73B-553E-4437-B54C-0A91D8C0348F}.BetSize|Any CPU.ActiveCfg = BetSize|Any CPU
		{670AD73B-553E-4437-B54C-0A91D8C0348F}.BetSize|Any CPU.Build.0 = BetSize|Any CPU
		{670AD73B-553E-4437-B54C-0A91D8C0348F}.BounceLevel|Any CPU.ActiveCfg = BounceLevel|Any CPU
		{670AD73B-553E-4437-B54C-0A91D8C0348F}.BounceLevel|Any CPU.Build.0 = BounceLevel|Any CPU
		{670AD73B-553E-4437-B54C-0A91D8C0348F}.CongestedLevel|Any CPU.ActiveCfg = CongestedLevel|Any CPU
		{670AD73B-553E-4437-B54C-0A91D8C0348F}.CongestedLevel|Any CPU.Build.0 = CongestedLevel|Any CPU
		{670AD73B-553E-4437-B54C-0A91D8C0348F}.Debug|Any CPU.ActiveCfg = Debug|Any CPU
		{670AD73B-553E-4437-B54C-0A91D8C0348F}.Debug|Any CPU.Build.0 = Debug|Any CPU
		{670AD73B-553E-4437-B54C-0A91D8C0348F}.DZInternals|Any CPU.ActiveCfg = DZInternals|Any CPU
		{670AD73B-553E-4437-B54C-0A91D8C0348F}.DZInternals|Any CPU.Build.0 = DZInternals|Any CPU
		{670AD73B-553E-4437-B54C-0A91D8C0348F}.EmaCrossover|Any CPU.ActiveCfg = EmaCrossover|Any CPU
		{670AD73B-553E-4437-B54C-0A91D8C0348F}.EmaCrossover|Any CPU.Build.0 = EmaCrossover|Any CPU
		{670AD73B-553E-4437-B54C-0A91D8C0348F}.EUR_GBP|Any CPU.ActiveCfg = EUR_GBP|Any CPU
		{670AD73B-553E-4437-B54C-0A91D8C0348F}.EUR_GBP|Any CPU.Build.0 = EUR_GBP|Any CPU
		{670AD73B-553E-4437-B54C-0A91D8C0348F}.EUR_JPY|Any CPU.ActiveCfg = EUR_JPY|Any CPU
		{670AD73B-553E-4437-B54C-0A91D8C0348F}.EUR_JPY|Any CPU.Build.0 = EUR_JPY|Any CPU
		{670AD73B-553E-4437-B54C-0A91D8C0348F}.EUR_USD|Any CPU.ActiveCfg = EUR_USD|Any CPU
		{670AD73B-553E-4437-B54C-0A91D8C0348F}.EUR_USD|Any CPU.Build.0 = EUR_USD|Any CPU
		{670AD73B-553E-4437-B54C-0A91D8C0348F}.FadeApproachLevel|Any CPU.ActiveCfg = FadeApproachLevel|Any CPU
		{670AD73B-553E-4437-B54C-0A91D8C0348F}.FadeApproachLevel|Any CPU.Build.0 = FadeApproachLevel|Any CPU
		{670AD73B-553E-4437-B54C-0A91D8C0348F}.GBP_JPY|Any CPU.ActiveCfg = GBP_JPY|Any CPU
		{670AD73B-553E-4437-B54C-0A91D8C0348F}.GBP_JPY|Any CPU.Build.0 = GBP_JPY|Any CPU
		{670AD73B-553E-4437-B54C-0A91D8C0348F}.NZD_USD|Any CPU.ActiveCfg = NZD_USD|Any CPU
		{670AD73B-553E-4437-B54C-0A91D8C0348F}.NZD_USD|Any CPU.Build.0 = NZD_USD|Any CPU
		{670AD73B-553E-4437-B54C-0A91D8C0348F}.Oscillating|Any CPU.ActiveCfg = Oscillating|Any CPU
		{670AD73B-553E-4437-B54C-0A91D8C0348F}.Oscillating|Any CPU.Build.0 = Oscillating|Any CPU
		{670AD73B-553E-4437-B54C-0A91D8C0348F}.PriceAction|Any CPU.ActiveCfg = PriceAction|Any CPU
		{670AD73B-553E-4437-B54C-0A91D8C0348F}.PriceAction|Any CPU.Build.0 = PriceAction|Any CPU
		{670AD73B-553E-4437-B54C-0A91D8C0348F}.Propulsion|Any CPU.ActiveCfg = Propulsion|Any CPU
		{670AD73B-553E-4437-B54C-0A91D8C0348F}.Propulsion|Any CPU.Build.0 = Propulsion|Any CPU
		{670AD73B-553E-4437-B54C-0A91D8C0348F}.Release|Any CPU.ActiveCfg = Release|Any CPU
		{670AD73B-553E-4437-B54C-0A91D8C0348F}.Release|Any CPU.Build.0 = Release|Any CPU
		{670AD73B-553E-4437-B54C-0A91D8C0348F}.Strategies|Any CPU.ActiveCfg = Strategies|Any CPU
		{670AD73B-553E-4437-B54C-0A91D8C0348F}.Strategies|Any CPU.Build.0 = Strategies|Any CPU
		{670AD73B-553E-4437-B54C-0A91D8C0348F}.Strategies1|Any CPU.ActiveCfg = Strategies1|Any CPU
		{670AD73B-553E-4437-B54C-0A91D8C0348F}.Strategies1|Any CPU.Build.0 = Strategies1|Any CPU
		{670AD73B-553E-4437-B54C-0A91D8C0348F}.Strategies2|Any CPU.ActiveCfg = Strategies2|Any CPU
		{670AD73B-553E-4437-B54C-0A91D8C0348F}.Strategies2|Any CPU.Build.0 = Strategies2|Any CPU
		{670AD73B-553E-4437-B54C-0A91D8C0348F}.Test03|Any CPU.ActiveCfg = Test03|Any CPU
		{670AD73B-553E-4437-B54C-0A91D8C0348F}.Test03|Any CPU.Build.0 = Test03|Any CPU
		{670AD73B-553E-4437-B54C-0A91D8C0348F}.Test04|Any CPU.ActiveCfg = Test04|Any CPU
		{670AD73B-553E-4437-B54C-0A91D8C0348F}.Test04|Any CPU.Build.0 = Test04|Any CPU
		{670AD73B-553E-4437-B54C-0A91D8C0348F}.Test05|Any CPU.ActiveCfg = Test05|Any CPU
		{670AD73B-553E-4437-B54C-0A91D8C0348F}.Test05|Any CPU.Build.0 = Test05|Any CPU
		{670AD73B-553E-4437-B54C-0A91D8C0348F}.Trendiness1|Any CPU.ActiveCfg = Trendiness1|Any CPU
		{670AD73B-553E-4437-B54C-0A91D8C0348F}.Trendiness1|Any CPU.Build.0 = Trendiness1|Any CPU
		{670AD73B-553E-4437-B54C-0A91D8C0348F}.Trendiness2|Any CPU.ActiveCfg = Trendiness2|Any CPU
		{670AD73B-553E-4437-B54C-0A91D8C0348F}.Trendiness2|Any CPU.Build.0 = Trendiness2|Any CPU
		{670AD73B-553E-4437-B54C-0A91D8C0348F}.Trendiness3|Any CPU.ActiveCfg = Trendiness3|Any CPU
		{670AD73B-553E-4437-B54C-0A91D8C0348F}.Trendiness3|Any CPU.Build.0 = Trendiness3|Any CPU
		{670AD73B-553E-4437-B54C-0A91D8C0348F}.Trendiness4|Any CPU.ActiveCfg = Trendiness4|Any CPU
		{670AD73B-553E-4437-B54C-0A91D8C0348F}.Trendiness4|Any CPU.Build.0 = Trendiness4|Any CPU
		{670AD73B-553E-4437-B54C-0A91D8C0348F}.Trending|Any CPU.ActiveCfg = Trending|Any CPU
		{670AD73B-553E-4437-B54C-0A91D8C0348F}.Trending|Any CPU.Build.0 = Trending|Any CPU
		{670AD73B-553E-4437-B54C-0A91D8C0348F}.TrendInternals|Any CPU.ActiveCfg = TrendInternals|Any CPU
		{670AD73B-553E-4437-B54C-0A91D8C0348F}.TrendInternals|Any CPU.Build.0 = TrendInternals|Any CPU
		{670AD73B-553E-4437-B54C-0A91D8C0348F}.TrendyKeltnerOscillation|Any CPU.ActiveCfg = TrendyKeltnerOscillation|Any CPU
		{670AD73B-553E-4437-B54C-0A91D8C0348F}.TrendyKeltnerOscillation|Any CPU.Build.0 = TrendyKeltnerOscillation|Any CPU
		{670AD73B-553E-4437-B54C-0A91D8C0348F}.USD_CAD|Any CPU.ActiveCfg = USD_CAD|Any CPU
		{670AD73B-553E-4437-B54C-0A91D8C0348F}.USD_CAD|Any CPU.Build.0 = USD_CAD|Any CPU
		{670AD73B-553E-4437-B54C-0A91D8C0348F}.USD_CHF|Any CPU.ActiveCfg = USD_CHF|Any CPU
		{670AD73B-553E-4437-B54C-0A91D8C0348F}.USD_CHF|Any CPU.Build.0 = USD_CHF|Any CPU
		{EC0F52DA-EC43-43FB-A7D5-847DD8AECD50}.AUD_USD|Any CPU.ActiveCfg = Release|Any CPU
		{EC0F52DA-EC43-43FB-A7D5-847DD8AECD50}.AUD_USD|Any CPU.Build.0 = Release|Any CPU
		{EC0F52DA-EC43-43FB-A7D5-847DD8AECD50}.BetSize|Any CPU.ActiveCfg = Release|Any CPU
		{EC0F52DA-EC43-43FB-A7D5-847DD8AECD50}.BetSize|Any CPU.Build.0 = Release|Any CPU
		{EC0F52DA-EC43-43FB-A7D5-847DD8AECD50}.BounceLevel|Any CPU.ActiveCfg = Release|Any CPU
		{EC0F52DA-EC43-43FB-A7D5-847DD8AECD50}.BounceLevel|Any CPU.Build.0 = Release|Any CPU
		{EC0F52DA-EC43-43FB-A7D5-847DD8AECD50}.CongestedLevel|Any CPU.ActiveCfg = Release|Any CPU
		{EC0F52DA-EC43-43FB-A7D5-847DD8AECD50}.CongestedLevel|Any CPU.Build.0 = Release|Any CPU
		{EC0F52DA-EC43-43FB-A7D5-847DD8AECD50}.Debug|Any CPU.ActiveCfg = Debug|Any CPU
		{EC0F52DA-EC43-43FB-A7D5-847DD8AECD50}.Debug|Any CPU.Build.0 = Debug|Any CPU
		{EC0F52DA-EC43-43FB-A7D5-847DD8AECD50}.DZInternals|Any CPU.ActiveCfg = Debug|Any CPU
		{EC0F52DA-EC43-43FB-A7D5-847DD8AECD50}.DZInternals|Any CPU.Build.0 = Debug|Any CPU
		{EC0F52DA-EC43-43FB-A7D5-847DD8AECD50}.EmaCrossover|Any CPU.ActiveCfg = Release|Any CPU
		{EC0F52DA-EC43-43FB-A7D5-847DD8AECD50}.EmaCrossover|Any CPU.Build.0 = Release|Any CPU
		{EC0F52DA-EC43-43FB-A7D5-847DD8AECD50}.EUR_GBP|Any CPU.ActiveCfg = Release|Any CPU
		{EC0F52DA-EC43-43FB-A7D5-847DD8AECD50}.EUR_GBP|Any CPU.Build.0 = Release|Any CPU
		{EC0F52DA-EC43-43FB-A7D5-847DD8AECD50}.EUR_JPY|Any CPU.ActiveCfg = Release|Any CPU
		{EC0F52DA-EC43-43FB-A7D5-847DD8AECD50}.EUR_JPY|Any CPU.Build.0 = Release|Any CPU
		{EC0F52DA-EC43-43FB-A7D5-847DD8AECD50}.EUR_USD|Any CPU.ActiveCfg = Release|Any CPU
		{EC0F52DA-EC43-43FB-A7D5-847DD8AECD50}.EUR_USD|Any CPU.Build.0 = Release|Any CPU
		{EC0F52DA-EC43-43FB-A7D5-847DD8AECD50}.FadeApproachLevel|Any CPU.ActiveCfg = Release|Any CPU
		{EC0F52DA-EC43-43FB-A7D5-847DD8AECD50}.FadeApproachLevel|Any CPU.Build.0 = Release|Any CPU
		{EC0F52DA-EC43-43FB-A7D5-847DD8AECD50}.GBP_JPY|Any CPU.ActiveCfg = Release|Any CPU
		{EC0F52DA-EC43-43FB-A7D5-847DD8AECD50}.GBP_JPY|Any CPU.Build.0 = Release|Any CPU
		{EC0F52DA-EC43-43FB-A7D5-847DD8AECD50}.NZD_USD|Any CPU.ActiveCfg = Release|Any CPU
		{EC0F52DA-EC43-43FB-A7D5-847DD8AECD50}.NZD_USD|Any CPU.Build.0 = Release|Any CPU
		{EC0F52DA-EC43-43FB-A7D5-847DD8AECD50}.Oscillating|Any CPU.ActiveCfg = Release|Any CPU
		{EC0F52DA-EC43-43FB-A7D5-847DD8AECD50}.Oscillating|Any CPU.Build.0 = Release|Any CPU
		{EC0F52DA-EC43-43FB-A7D5-847DD8AECD50}.PriceAction|Any CPU.ActiveCfg = Release|Any CPU
		{EC0F52DA-EC43-43FB-A7D5-847DD8AECD50}.PriceAction|Any CPU.Build.0 = Release|Any CPU
		{EC0F52DA-EC43-43FB-A7D5-847DD8AECD50}.Propulsion|Any CPU.ActiveCfg = Release|Any CPU
		{EC0F52DA-EC43-43FB-A7D5-847DD8AECD50}.Propulsion|Any CPU.Build.0 = Release|Any CPU
		{EC0F52DA-EC43-43FB-A7D5-847DD8AECD50}.Release|Any CPU.ActiveCfg = Release|Any CPU
		{EC0F52DA-EC43-43FB-A7D5-847DD8AECD50}.Release|Any CPU.Build.0 = Release|Any CPU
		{EC0F52DA-EC43-43FB-A7D5-847DD8AECD50}.Strategies|Any CPU.ActiveCfg = Release|Any CPU
		{EC0F52DA-EC43-43FB-A7D5-847DD8AECD50}.Strategies|Any CPU.Build.0 = Release|Any CPU
		{EC0F52DA-EC43-43FB-A7D5-847DD8AECD50}.Strategies1|Any CPU.ActiveCfg = Release|Any CPU
		{EC0F52DA-EC43-43FB-A7D5-847DD8AECD50}.Strategies1|Any CPU.Build.0 = Release|Any CPU
		{EC0F52DA-EC43-43FB-A7D5-847DD8AECD50}.Strategies2|Any CPU.ActiveCfg = Release|Any CPU
		{EC0F52DA-EC43-43FB-A7D5-847DD8AECD50}.Strategies2|Any CPU.Build.0 = Release|Any CPU
		{EC0F52DA-EC43-43FB-A7D5-847DD8AECD50}.Test03|Any CPU.ActiveCfg = Release|Any CPU
		{EC0F52DA-EC43-43FB-A7D5-847DD8AECD50}.Test03|Any CPU.Build.0 = Release|Any CPU
		{EC0F52DA-EC43-43FB-A7D5-847DD8AECD50}.Test04|Any CPU.ActiveCfg = Release|Any CPU
		{EC0F52DA-EC43-43FB-A7D5-847DD8AECD50}.Test04|Any CPU.Build.0 = Release|Any CPU
		{EC0F52DA-EC43-43FB-A7D5-847DD8AECD50}.Test05|Any CPU.ActiveCfg = Release|Any CPU
		{EC0F52DA-EC43-43FB-A7D5-847DD8AECD50}.Test05|Any CPU.Build.0 = Release|Any CPU
		{EC0F52DA-EC43-43FB-A7D5-847DD8AECD50}.Trendiness1|Any CPU.ActiveCfg = Release|Any CPU
		{EC0F52DA-EC43-43FB-A7D5-847DD8AECD50}.Trendiness1|Any CPU.Build.0 = Release|Any CPU
		{EC0F52DA-EC43-43FB-A7D5-847DD8AECD50}.Trendiness2|Any CPU.ActiveCfg = Release|Any CPU
		{EC0F52DA-EC43-43FB-A7D5-847DD8AECD50}.Trendiness2|Any CPU.Build.0 = Release|Any CPU
		{EC0F52DA-EC43-43FB-A7D5-847DD8AECD50}.Trendiness3|Any CPU.ActiveCfg = Release|Any CPU
		{EC0F52DA-EC43-43FB-A7D5-847DD8AECD50}.Trendiness3|Any CPU.Build.0 = Release|Any CPU
		{EC0F52DA-EC43-43FB-A7D5-847DD8AECD50}.Trendiness4|Any CPU.ActiveCfg = Release|Any CPU
		{EC0F52DA-EC43-43FB-A7D5-847DD8AECD50}.Trendiness4|Any CPU.Build.0 = Release|Any CPU
		{EC0F52DA-EC43-43FB-A7D5-847DD8AECD50}.Trending|Any CPU.ActiveCfg = Release|Any CPU
		{EC0F52DA-EC43-43FB-A7D5-847DD8AECD50}.Trending|Any CPU.Build.0 = Release|Any CPU
		{EC0F52DA-EC43-43FB-A7D5-847DD8AECD50}.TrendInternals|Any CPU.ActiveCfg = Release|Any CPU
		{EC0F52DA-EC43-43FB-A7D5-847DD8AECD50}.TrendInternals|Any CPU.Build.0 = Release|Any CPU
		{EC0F52DA-EC43-43FB-A7D5-847DD8AECD50}.TrendyKeltnerOscillation|Any CPU.ActiveCfg = Release|Any CPU
		{EC0F52DA-EC43-43FB-A7D5-847DD8AECD50}.TrendyKeltnerOscillation|Any CPU.Build.0 = Release|Any CPU
		{EC0F52DA-EC43-43FB-A7D5-847DD8AECD50}.USD_CAD|Any CPU.ActiveCfg = Release|Any CPU
		{EC0F52DA-EC43-43FB-A7D5-847DD8AECD50}.USD_CAD|Any CPU.Build.0 = Release|Any CPU
		{EC0F52DA-EC43-43FB-A7D5-847DD8AECD50}.USD_CHF|Any CPU.ActiveCfg = Release|Any CPU
		{EC0F52DA-EC43-43FB-A7D5-847DD8AECD50}.USD_CHF|Any CPU.Build.0 = Release|Any CPU
	EndGlobalSection
	GlobalSection(SolutionProperties) = preSolution
		HideSolutionNode = FALSE
	EndGlobalSection
EndGlobal
